
Microsoft Visual Studio Solution File, Format Version 12.00
# Visual Studio Version 17
VisualStudioVersion = 17.5.002.0
MinimumVisualStudioVersion = 10.0.40219.1
Project("{9A19103F-16F7-4668-BE54-9A1E7A4F7556}") = "05-condicao-aninhada", "05-condicao-aninhada.csproj", "{C5E87F1D-7C0A-43B8-911B-C26EE1E209CD}"
EndProject
Global
	GlobalSection(SolutionConfigurationPlatforms) = preSolution
		Debug|Any CPU = Debug|Any CPU
		Release|Any CPU = Release|Any CPU
	EndGlobalSection
	GlobalSection(ProjectConfigurationPlatforms) = postSolution
		{C5E87F1D-7C0A-43B8-911B-C26EE1E209CD}.Debug|Any CPU.ActiveCfg = Debug|Any CPU
		{C5E87F1D-7C0A-43B8-911B-C26EE1E209CD}.Debug|Any CPU.Build.0 = Debug|Any CPU
		{C5E87F1D-7C0A-43B8-911B-C26EE1E209CD}.Release|Any CPU.ActiveCfg = Release|Any CPU
		{C5E87F1D-7C0A-43B8-911B-C26EE1E209CD}.Release|Any CPU.Build.0 = Release|Any CPU
	EndGlobalSection
	GlobalSection(SolutionProperties) = preSolution
		HideSolutionNode = FALSE
	EndGlobalSection
	GlobalSection(ExtensibilityGlobals) = postSolution
		SolutionGuid = {4C2E1F68-B645-439D-B44E-4CA79190C2E6}
	EndGlobalSection
EndGlobal
