
Microsoft Visual Studio Solution File, Format Version 12.00
# Visual Studio Version 17
VisualStudioVersion = 17.5.002.0
MinimumVisualStudioVersion = 10.0.40219.1
Project("{9A19103F-16F7-4668-BE54-9A1E7A4F7556}") = "Lista4", "exercicio1\Lista4.csproj", "{5973DA29-2160-44D0-AEDE-ACC138C09D79}"
EndProject
Project("{9A19103F-16F7-4668-BE54-9A1E7A4F7556}") = "exercicio2", "exercicio2\exercicio2.csproj", "{8C51B5D5-7D05-4BAA-B527-CC4E0CFC4A39}"
EndProject
Project("{9A19103F-16F7-4668-BE54-9A1E7A4F7556}") = "exercicio3", "exercicio3\exercicio3.csproj", "{CAB01E30-D02C-4FD8-B8D5-64C0A686A68D}"
EndProject
Global
	GlobalSection(SolutionConfigurationPlatforms) = preSolution
		Debug|Any CPU = Debug|Any CPU
		Release|Any CPU = Release|Any CPU
	EndGlobalSection
	GlobalSection(ProjectConfigurationPlatforms) = postSolution
		{5973DA29-2160-44D0-AEDE-ACC138C09D79}.Debug|Any CPU.ActiveCfg = Debug|Any CPU
		{5973DA29-2160-44D0-AEDE-ACC138C09D79}.Debug|Any CPU.Build.0 = Debug|Any CPU
		{5973DA29-2160-44D0-AEDE-ACC138C09D79}.Release|Any CPU.ActiveCfg = Release|Any CPU
		{5973DA29-2160-44D0-AEDE-ACC138C09D79}.Release|Any CPU.Build.0 = Release|Any CPU
		{8C51B5D5-7D05-4BAA-B527-CC4E0CFC4A39}.Debug|Any CPU.ActiveCfg = Debug|Any CPU
		{8C51B5D5-7D05-4BAA-B527-CC4E0CFC4A39}.Debug|Any CPU.Build.0 = Debug|Any CPU
		{8C51B5D5-7D05-4BAA-B527-CC4E0CFC4A39}.Release|Any CPU.ActiveCfg = Release|Any CPU
		{8C51B5D5-7D05-4BAA-B527-CC4E0CFC4A39}.Release|Any CPU.Build.0 = Release|Any CPU
		{CAB01E30-D02C-4FD8-B8D5-64C0A686A68D}.Debug|Any CPU.ActiveCfg = Debug|Any CPU
		{CAB01E30-D02C-4FD8-B8D5-64C0A686A68D}.Debug|Any CPU.Build.0 = Debug|Any CPU
		{CAB01E30-D02C-4FD8-B8D5-64C0A686A68D}.Release|Any CPU.ActiveCfg = Release|Any CPU
		{CAB01E30-D02C-4FD8-B8D5-64C0A686A68D}.Release|Any CPU.Build.0 = Release|Any CPU
	EndGlobalSection
	GlobalSection(SolutionProperties) = preSolution
		HideSolutionNode = FALSE
	EndGlobalSection
	GlobalSection(ExtensibilityGlobals) = postSolution
		SolutionGuid = {A8399CDC-6B2C-46BF-86B5-060EC6278A01}
	EndGlobalSection
EndGlobal
